4d63.com/gochecknoinits v0.0.0-20200108094044-eb73b47b9fc4/go.mod h1:4o1i5aXtIF5tJFt3UD1knCVmWOXg7fLYdHVu6jeNcnM=
github.com/BurntSushi/toml v0.3.1/go.mod h1:xHWCNGjB5oqiDr8zfno3MHue2Ht5sIBksp03qcyfWMU=
github.com/Sytten/logrus-zap-hook v0.1.0 h1:GPsDlO0b+rvfb6WohFNreI3Fe2I6MDyv1afoYPE2Kzk=
github.com/Sytten/logrus-zap-hook v0.1.0/go.mod h1:J0ktevklw/xJNpI2FzfTdJssk4P0vq3K2qzwihJ2gWU=
github.com/beevik/etree v1.1.0 h1:T0xke/WvNtMoCqgzPhkX2r4rjY3GDZFi+FjpRZY2Jbs=
github.com/beevik/etree v1.1.0/go.mod h1:r8Aw8JqVegEf0w2fDnATrX9VpkMcyFeM0FhwO62wh+A=
github.com/benbjohnson/clock v1.1.0 h1:Q92kusRqC1XV2MjkWETPvjJVqKetz1OzxZB7mHJLju8=
github.com/benbjohnson/clock v1.1.0/go.mod h1:J11/hYXuz8f4ySSvYwY0FKfm+ezbsZBKZxNJlLklBHA=
github.com/bmc-toolbox/common v0.0.0-20221115135648-0b584f504396 h1:MAIYVFtt/Hnhx0Cth6T9pnLTJnZKppzi7LHue4KpPtg=
github.com/bmc-toolbox/common v0.0.0-20221115135648-0b584f504396/go.mod h1:SY//n1PJjZfbFbmAsB6GvEKbc7UXz3d30s3kWxfJQ/c=
github.com/bmc-toolbox/common v0.0.0-20230220061748-93ff001f4a1d h1:cQ30Wa8mhLzK1TSOG+g3FlneIsXtFgun61mmPwVPmD0=
github.com/bmc-toolbox/common v0.0.0-20230220061748-93ff001f4a1d/go.mod h1:SY//n1PJjZfbFbmAsB6GvEKbc7UXz3d30s3kWxfJQ/c=
github.com/cpuguy83/go-md2man/v2 v2.0.2/go.mod h1:tgQtvFlXSQOSOSIRvRPT7W67SCa46tRHOmNcaadrF8o=
github.com/creack/pty v1.1.9/go.mod h1:oKZEueFk5CKHvIhNR5MUki03XCEU+Q6VDXinZuGJ33E=
github.com/davecgh/go-spew v1.1.0/go.mod h1:J7Y8YcW2NihsgmVo/mv3lAwl/skON4iLHjSsI+c5H38=
github.com/davecgh/go-spew v1.1.1 h1:vj9j/u1bqnvCEfJOwUhtlOARqs3+rkHYY13jYWTU97c=
github.com/davecgh/go-spew v1.1.1/go.mod h1:J7Y8YcW2NihsgmVo/mv3lAwl/skON4iLHjSsI+c5H38=
github.com/diskfs/go-diskfs v1.2.0 h1:Ow4xorEDw1VNYKbC+SA/qQNwi5gWIwdKUxmUcLFST24=
github.com/diskfs/go-diskfs v1.2.0/go.mod h1:ZTeTbzixuyfnZW5y5qKMtjV2o+GLLHo1KfMhotJI4Rk=
github.com/dselans/dmidecode v0.0.0-20180814053009-65c3f9d81910 h1:w9T/rS5VP0SPXqYr7BpUeqf6ukp/GEWm6nXhziWzBY4=
github.com/dselans/dmidecode v0.0.0-20180814053009-65c3f9d81910/go.mod h1:yGxJ4za56u74+F00gmg9RJoyXLzvrOrIat4b/Dgw9Lo=
github.com/frankban/quicktest v1.14.3 h1:FJKSZTDHjyhriyC81FLQ0LY93eSai0ZyR/ZIkd3ZUKE=
github.com/frankban/quicktest v1.14.3/go.mod h1:mgiwOwqx65TmIk1wJ6Q7wvnVMocbUorkibMOrVTHZps=
github.com/freddierice/go-losetup/v2 v2.0.1 h1:wPDx/Elu9nDV8y/CvIbEDz5Xi5Zo80y4h7MKbi3XaAI=
github.com/freddierice/go-losetup/v2 v2.0.1/go.mod h1:TEyBrvlOelsPEhfWD5rutNXDmUszBXuFnwT1kIQF4J8=
github.com/golang/protobuf v1.3.1/go.mod h1:6lQm79b+lXiMfvg/cZm0SGofjICqVBUtrP5yJMmIC1U=
github.com/golang/protobuf v1.5.0/go.mod h1:FsONVRAS9T7sI+LIUmWTfcYkHO4aIWwzhcaSAoJOfIk=
github.com/golang/protobuf v1.5.2 h1:ROPKBNFfQgOUMifHyP+KYbvpjbdoFNs+aK7DXlji0Tw=
github.com/golang/protobuf v1.5.2/go.mod h1:XVQd3VNwM+JqD3oG2Ue2ip4fOMUkwXdXDdiuN0vRsmY=
github.com/google/go-cmp v0.5.5/go.mod h1:v8dTdLbMG2kIc/vJvl+f65V22dbkXbowE6jgT/gNBxE=
github.com/google/go-cmp v0.5.7/go.mod h1:n+brtR0CgQNWTVd5ZUFpTBC8YFBDLK/h/bpaJ8/DtOE=
github.com/google/go-cmp v0.5.8/go.mod h1:17dUlkBOakJ0+DkrSSNjCkIjxS6bF9zb3elmeNGIjoY=
github.com/google/go-cmp v0.5.9 h1:O2Tfq5qg4qc4AmwVlvv0oLiVAGB7enBSJ2x2DqQFi38=
github.com/google/go-cmp v0.5.9/go.mod h1:17dUlkBOakJ0+DkrSSNjCkIjxS6bF9zb3elmeNGIjoY=
github.com/google/renameio v0.1.0/go.mod h1:KWCgfxg9yswjAJkECMjeO8J8rahYeXnNhOm40UhjYkI=
github.com/google/uuid v1.1.1/go.mod h1:TIyPZe4MgqvfeYDBFedMoGGpEw/LqOeaOT+nhxU+yHo=
github.com/google/uuid v1.3.0 h1:t6JiXgmwXMjEs8VusXIJk2BXHsn+wx8BZdTaoZ5fu7I=
github.com/google/uuid v1.3.0/go.mod h1:TIyPZe4MgqvfeYDBFedMoGGpEw/LqOeaOT+nhxU+yHo=
github.com/gordonklaus/ineffassign v0.0.0-20190601041439-ed7b1b5ee0f8/go.mod h1:cuNKsD1zp2v6XfE/orVX2QE1LC+i254ceGcVeDT3pTU=
github.com/inconshreveable/mousetrap v1.0.1 h1:U3uMjPSQEBMNp1lFxmllqCPM6P5u/Xq7Pgzkat/bFNc=
github.com/inconshreveable/mousetrap v1.0.1/go.mod h1:vpF70FUmC8bwa3OWnCshd2FqLfsEA9PFc4w1p2J65bw=
github.com/jgautheron/goconst v0.0.0-20170703170152-9740945f5dcb/go.mod h1:82TxjOpWQiPmywlbIaB2ZkqJoSYJdLGPgAJDvM3PbKc=
github.com/kisielk/gotool v1.0.0/go.mod h1:XhKaO+MFFWcvkIS/tQcRk01m1F5IRFswLeQ+oQHNcck=
github.com/konsorten/go-windows-terminal-sequences v1.0.1/go.mod h1:T0+1ngSBFLxvqU3pZ+m/2kptfBszLMUkC4ZK/EgS/cQ=
github.com/kr/pretty v0.1.0/go.mod h1:dAy3ld7l9f0ibDNOQOHHMYYIIbhfbHSm3C4ZsoJORNo=
github.com/kr/pretty v0.2.1/go.mod h1:ipq/a2n7PKx3OHsz4KJII5eveXtPO4qwEXGdVfWzfnI=
github.com/kr/pretty v0.3.0/go.mod h1:640gp4NfQd8pI5XOwp5fnNeVWj67G7CFk/SaSQn7NBk=
github.com/kr/pretty v0.3.1 h1:flRD4NNwYAUpkphVc1HcthR4KEIFJ65n8Mw5qdRn3LE=
github.com/kr/pretty v0.3.1/go.mod h1:hoEshYVHaxMs3cyo3Yncou5ZscifuDolrwPKZanG3xk=
github.com/kr/pty v1.1.1/go.mod h1:pFQYn66WHrOpPYNljwOMqo10TkYh1fy3cYio2l3bCsQ=
github.com/kr/text v0.1.0/go.mod h1:4Jbv+DJW3UT/LiOwJeYQe1efqtUx/iVham/4vfdArNI=
github.com/kr/text v0.2.0 h1:5Nx0Ya0ZqY2ygV366QzturHI13Jq95ApcVaJBhpS+AY=
github.com/kr/text v0.2.0/go.mod h1:eLer722TekiGuMkidMxC/pM04lWEeraHUUmBw8l2grE=
github.com/metal-toolbox/ironlib v0.2.2 h1:39bHo1k4mGjyi1fKv6+fQCzQ1YRWxNB1BCmWUHwiWpw=
github.com/metal-toolbox/ironlib v0.2.2/go.mod h1:JMzpGscnv4CgjfzgcR2SNl0jdwPXkiJCwRfgXRibtnQ=
github.com/metal-toolbox/ironlib v0.2.3-0.20230131172549-b8d8eecd3807 h1:GPgLZJPyCUAUyyYT8tqystmQ47i9QXJYbjTIFSSn9bA=
github.com/metal-toolbox/ironlib v0.2.3-0.20230131172549-b8d8eecd3807/go.mod h1:+XSWLkKeUsrzTBOAMx5juHBiDOA1OIWT2eeubzViFTY=
github.com/metal-toolbox/ironlib v0.2.3-0.20230201155043-cefcbeb6605b h1:ncU9OS5KsvQuJgD9nu36JFy0/zxErHiMV9FFAMRlFwg=
github.com/metal-toolbox/ironlib v0.2.3-0.20230201155043-cefcbeb6605b/go.mod h1:+XSWLkKeUsrzTBOAMx5juHBiDOA1OIWT2eeubzViFTY=
github.com/metal-toolbox/ironlib v0.2.3-0.20230201160240-a9948261a313 h1:OUACneSqnwv7akFooWgzrp2B2Cism7DZ+zZl3lthmD4=
github.com/metal-toolbox/ironlib v0.2.3-0.20230201160240-a9948261a313/go.mod h1:+XSWLkKeUsrzTBOAMx5juHBiDOA1OIWT2eeubzViFTY=
github.com/metal-toolbox/ironlib v0.2.3-0.20230203163310-5c0a6ef06a8a h1:IYp/otMf15F8pyjzsjvYpDST1eTutLs16wCUtm4lbss=
github.com/metal-toolbox/ironlib v0.2.3-0.20230203163310-5c0a6ef06a8a/go.mod h1:+XSWLkKeUsrzTBOAMx5juHBiDOA1OIWT2eeubzViFTY=
github.com/metal-toolbox/ironlib v0.2.3-0.20230203164243-0659b6a56cb6 h1:RX5BbQndR2ZiXzHn+NO932L+cxucewCIVxKVlHNN9oE=
github.com/metal-toolbox/ironlib v0.2.3-0.20230203164243-0659b6a56cb6/go.mod h1:+XSWLkKeUsrzTBOAMx5juHBiDOA1OIWT2eeubzViFTY=
github.com/metal-toolbox/ironlib v0.2.3-0.20230203164559-a61aea18c041 h1:+r7t7b29vmb9Gj6ttClzHbS8LN4nAEgkD14Ey53jT9k=
github.com/metal-toolbox/ironlib v0.2.3-0.20230203164559-a61aea18c041/go.mod h1:+XSWLkKeUsrzTBOAMx5juHBiDOA1OIWT2eeubzViFTY=
github.com/metal-toolbox/ironlib v0.2.3-0.20230203164952-07a570220234 h1:gSzmIVHrhkMaGCto5r3D1lYkV1rjWGRdIaxkw8pLLqM=
github.com/metal-toolbox/ironlib v0.2.3-0.20230203164952-07a570220234/go.mod h1:+XSWLkKeUsrzTBOAMx5juHBiDOA1OIWT2eeubzViFTY=
github.com/metal-toolbox/ironlib v0.2.3-0.20230203165727-1b8906854379 h1:bZH0VrBM2neIcRAp3jJLDAoP4384ls9fjBoQu9XFWJM=
github.com/metal-toolbox/ironlib v0.2.3-0.20230203165727-1b8906854379/go.mod h1:+XSWLkKeUsrzTBOAMx5juHBiDOA1OIWT2eeubzViFTY=
github.com/metal-toolbox/ironlib v0.2.3-0.20230203171445-37b9d6414d7a h1:0sJ+T96RWTrcTExkqulphBIoMV2Zli6cztzXqRbwzyA=
github.com/metal-toolbox/ironlib v0.2.3-0.20230203171445-37b9d6414d7a/go.mod h1:+XSWLkKeUsrzTBOAMx5juHBiDOA1OIWT2eeubzViFTY=
github.com/metal-toolbox/ironlib v0.2.3-0.20230203174752-25f9a2daa2c2 h1:R4jPGu5TuqywAVrWUwf1SQNk3M6jXXl2zMtjhMxLNQo=
github.com/metal-toolbox/ironlib v0.2.3-0.20230203174752-25f9a2daa2c2/go.mod h1:+XSWLkKeUsrzTBOAMx5juHBiDOA1OIWT2eeubzViFTY=
github.com/metal-toolbox/ironlib v0.2.3-0.20230203184906-7cfd5ff6b2bf h1:96cMimOLjzIVTk4+NsToUlRuzbHTux4Rpz6CfyLFKmE=
github.com/metal-toolbox/ironlib v0.2.3-0.20230203184906-7cfd5ff6b2bf/go.mod h1:+XSWLkKeUsrzTBOAMx5juHBiDOA1OIWT2eeubzViFTY=
github.com/metal-toolbox/ironlib v0.2.3-0.20230203185756-e1381e3a8eb4 h1:2xfdmgwKTgolot7xbDzkLK10FVANNLTjOfNP/QB2uh0=
github.com/metal-toolbox/ironlib v0.2.3-0.20230203185756-e1381e3a8eb4/go.mod h1:+XSWLkKeUsrzTBOAMx5juHBiDOA1OIWT2eeubzViFTY=
github.com/metal-toolbox/ironlib v0.2.3-0.20230203203809-2b64f727f26f h1:HJ7xg1Wrg/QyNsmrl8zHi9fmG/ci12QGLKxCYb0wYiE=
github.com/metal-toolbox/ironlib v0.2.3-0.20230203203809-2b64f727f26f/go.mod h1:+XSWLkKeUsrzTBOAMx5juHBiDOA1OIWT2eeubzViFTY=
github.com/metal-toolbox/ironlib v0.2.3-0.20230203204017-aa963aac4f3a h1:FVch3+vAOO5trcGGbGCz9tqRZeZtKypcnPEQHZjsbW8=
github.com/metal-toolbox/ironlib v0.2.3-0.20230203204017-aa963aac4f3a/go.mod h1:+XSWLkKeUsrzTBOAMx5juHBiDOA1OIWT2eeubzViFTY=
github.com/metal-toolbox/ironlib v0.2.3-0.20230203204328-48214d89782b h1:317YvsKxFQXyUlRg8WRKFKQBnfPuwTslCJWtOHWsq1o=
github.com/metal-toolbox/ironlib v0.2.3-0.20230203204328-48214d89782b/go.mod h1:+XSWLkKeUsrzTBOAMx5juHBiDOA1OIWT2eeubzViFTY=
github.com/metal-toolbox/ironlib v0.2.3-0.20230203204627-6f0376f16a31 h1:Du7Eiw7YT7Wwkqi/6fcdkduItA8N98fIVCKO4IC19Iw=
github.com/metal-toolbox/ironlib v0.2.3-0.20230203204627-6f0376f16a31/go.mod h1:+XSWLkKeUsrzTBOAMx5juHBiDOA1OIWT2eeubzViFTY=
github.com/metal-toolbox/ironlib v0.2.3-0.20230203213618-35ecff2fdb85 h1:IO9EttoeaBFvbqRQOyrkg1GhkU9pMm7U3R9GuyY7bnE=
github.com/metal-toolbox/ironlib v0.2.3-0.20230203213618-35ecff2fdb85/go.mod h1:+XSWLkKeUsrzTBOAMx5juHBiDOA1OIWT2eeubzViFTY=
github.com/metal-toolbox/ironlib v0.2.3-0.20230203215748-d488fd66bb03 h1:GQZ6nxc+HthFA+t1YI4I9ubr01v8MJrfo/cR6bqXncE=
github.com/metal-toolbox/ironlib v0.2.3-0.20230203215748-d488fd66bb03/go.mod h1:+XSWLkKeUsrzTBOAMx5juHBiDOA1OIWT2eeubzViFTY=
github.com/metal-toolbox/ironlib v0.2.3-0.20230203215938-6365d5d068d9 h1:nqcJBFhaWsT3waJBkAKZf+kKvuDIv8RRY5gWNCz2vZ8=
github.com/metal-toolbox/ironlib v0.2.3-0.20230203215938-6365d5d068d9/go.mod h1:+XSWLkKeUsrzTBOAMx5juHBiDOA1OIWT2eeubzViFTY=
github.com/metal-toolbox/ironlib v0.2.3-0.20230206164229-3945ac154d37 h1:HjghI8YUCUA4dVYKbp6sYDMkI/Ji5TZO17xOoF6xR4w=
github.com/metal-toolbox/ironlib v0.2.3-0.20230206164229-3945ac154d37/go.mod h1:+XSWLkKeUsrzTBOAMx5juHBiDOA1OIWT2eeubzViFTY=
github.com/metal-toolbox/ironlib v0.2.3-0.20230206165746-eda81234fc76 h1:yeAf4qLBlpQyd5+5L1eFA50iKaXm2AzJDhxlA+5K1AU=
github.com/metal-toolbox/ironlib v0.2.3-0.20230206165746-eda81234fc76/go.mod h1:+XSWLkKeUsrzTBOAMx5juHBiDOA1OIWT2eeubzViFTY=
github.com/metal-toolbox/ironlib v0.2.3-0.20230206170034-716eca256295 h1:/k7YTru9Py7D1eeZO1nWhualU8HSJmvCVJjIk8AG1Jc=
github.com/metal-toolbox/ironlib v0.2.3-0.20230206170034-716eca256295/go.mod h1:+XSWLkKeUsrzTBOAMx5juHBiDOA1OIWT2eeubzViFTY=
github.com/metal-toolbox/ironlib v0.2.3-0.20230206170409-5487667f03b3 h1:JkGZyg3tDF6ojFurMtmYylZJ6m7EZgEZVF/+I4rnHqk=
github.com/metal-toolbox/ironlib v0.2.3-0.20230206170409-5487667f03b3/go.mod h1:+XSWLkKeUsrzTBOAMx5juHBiDOA1OIWT2eeubzViFTY=
github.com/metal-toolbox/ironlib v0.2.3-0.20230206171236-2df42af1dc6b h1:QjgwWLil03vaLDZzoNr3a1O7nhlgYpm3A7jcMPvUTIs=
github.com/metal-toolbox/ironlib v0.2.3-0.20230206171236-2df42af1dc6b/go.mod h1:+XSWLkKeUsrzTBOAMx5juHBiDOA1OIWT2eeubzViFTY=
github.com/metal-toolbox/ironlib v0.2.3-0.20230206171554-9243209e4850 h1:XIDnpjLRTQ6+h8GJToeBN9sOErmLeC1PDQovBV3cnJA=
github.com/metal-toolbox/ironlib v0.2.3-0.20230206171554-9243209e4850/go.mod h1:+XSWLkKeUsrzTBOAMx5juHBiDOA1OIWT2eeubzViFTY=
github.com/metal-toolbox/ironlib v0.2.3-0.20230206171733-f1fe7bdf9864 h1:zLt73W6swds+XFjR3IqRYacLORNvvMoaBH1ke9/x4eQ=
github.com/metal-toolbox/ironlib v0.2.3-0.20230206171733-f1fe7bdf9864/go.mod h1:+XSWLkKeUsrzTBOAMx5juHBiDOA1OIWT2eeubzViFTY=
github.com/metal-toolbox/ironlib v0.2.3-0.20230206172906-764caf03c29f h1:pmVbxVP8mGh89Rwqy0gVExwnusPmaPwgP71J6aan3Ug=
github.com/metal-toolbox/ironlib v0.2.3-0.20230206172906-764caf03c29f/go.mod h1:+XSWLkKeUsrzTBOAMx5juHBiDOA1OIWT2eeubzViFTY=
github.com/metal-toolbox/ironlib v0.2.3-0.20230206173127-7b86d98efc17 h1:mgpKZsZSZBxcmy3uKXut7GljM9SHIFBCgDCk4htnid4=
github.com/metal-toolbox/ironlib v0.2.3-0.20230206173127-7b86d98efc17/go.mod h1:+XSWLkKeUsrzTBOAMx5juHBiDOA1OIWT2eeubzViFTY=
github.com/metal-toolbox/ironlib v0.2.3-0.20230206175147-5632f43f41be h1:WgY+3gTcT9LuPVqUR93ChrRhSCMoVgZHM6ToyghHFL0=
github.com/metal-toolbox/ironlib v0.2.3-0.20230206175147-5632f43f41be/go.mod h1:+XSWLkKeUsrzTBOAMx5juHBiDOA1OIWT2eeubzViFTY=
github.com/metal-toolbox/ironlib v0.2.3-0.20230206175658-d1baa2690e9f h1:7rhzltJ7uqakhoFQZMx5TpSijfx+OcqAdTeYGckMprg=
github.com/metal-toolbox/ironlib v0.2.3-0.20230206175658-d1baa2690e9f/go.mod h1:+XSWLkKeUsrzTBOAMx5juHBiDOA1OIWT2eeubzViFTY=
github.com/metal-toolbox/ironlib v0.2.3-0.20230206182311-31a205326c37 h1:6RiqerF/tzqms90RBxukUZmCqJVt0ZuShjloqEVZOkM=
github.com/metal-toolbox/ironlib v0.2.3-0.20230206182311-31a205326c37/go.mod h1:+XSWLkKeUsrzTBOAMx5juHBiDOA1OIWT2eeubzViFTY=
github.com/metal-toolbox/ironlib v0.2.3-0.20230206183518-bde930447aa5 h1:0cF27OPqg3tIDKfH+cIdKjjvaVCh1yHE28sldRTlsnk=
github.com/metal-toolbox/ironlib v0.2.3-0.20230206183518-bde930447aa5/go.mod h1:+XSWLkKeUsrzTBOAMx5juHBiDOA1OIWT2eeubzViFTY=
github.com/metal-toolbox/ironlib v0.2.3-0.20230206185255-3b909d86df88 h1:WVEr3bbRRF2sOgkNItk69cSIJ3AVk8+QGPKi9vq8gn8=
github.com/metal-toolbox/ironlib v0.2.3-0.20230206185255-3b909d86df88/go.mod h1:+XSWLkKeUsrzTBOAMx5juHBiDOA1OIWT2eeubzViFTY=
github.com/metal-toolbox/ironlib v0.2.4-0.20230217183231-b37f5049989a h1:YhllgGeEXiq/yiMJZX8/0NtJuQBrA+CT1cKiHUCt5+I=
github.com/metal-toolbox/ironlib v0.2.4-0.20230217183231-b37f5049989a/go.mod h1:Edyd8KmhBxjb2F3/NIOGPpJ6CS0kyHJM080JTI8I76k=
github.com/metal-toolbox/ironlib v0.2.4-0.20230221165832-2057e0930e72 h1:fARs3saTgzfmHjUtPOP0oSX8ET77C1ap5KxFB+MMKdU=
github.com/metal-toolbox/ironlib v0.2.4-0.20230221165832-2057e0930e72/go.mod h1:Edyd8KmhBxjb2F3/NIOGPpJ6CS0kyHJM080JTI8I76k=
github.com/metal-toolbox/ironlib v0.2.4-0.20230222182831-5b9e6c66b3a6 h1:3YIhz719DTKGyOwZCdX5fy1PgT+whhvfcwcjTMl94CA=
github.com/metal-toolbox/ironlib v0.2.4-0.20230222182831-5b9e6c66b3a6/go.mod h1:Edyd8KmhBxjb2F3/NIOGPpJ6CS0kyHJM080JTI8I76k=
github.com/metal-toolbox/ironlib v0.2.4-0.20230222183117-9db6137f4735 h1:ZzV1ywhuOgW2Gil2HXD8S0Dtc9aeA1jMJtGaCNigUd8=
github.com/metal-toolbox/ironlib v0.2.4-0.20230222183117-9db6137f4735/go.mod h1:Edyd8KmhBxjb2F3/NIOGPpJ6CS0kyHJM080JTI8I76k=
github.com/metal-toolbox/ironlib v0.2.4-0.20230222183257-9882592479cc h1:ygXaVI8oR0H60T3zdWrU0sBDmM3zGZMCnNrMUsIozdA=
github.com/metal-toolbox/ironlib v0.2.4-0.20230222183257-9882592479cc/go.mod h1:Edyd8KmhBxjb2F3/NIOGPpJ6CS0kyHJM080JTI8I76k=
github.com/metal-toolbox/ironlib v0.2.4-0.20230222183509-5fb0fed81b88 h1:JgwAIURfd6LcKV4HxAze1iK43OD1pFdxgxT0JscsqFQ=
github.com/metal-toolbox/ironlib v0.2.4-0.20230222183509-5fb0fed81b88/go.mod h1:Edyd8KmhBxjb2F3/NIOGPpJ6CS0kyHJM080JTI8I76k=
github.com/metal-toolbox/ironlib v0.2.4-0.20230222183727-c883ec3e1f26 h1:fvrdq76e1mUdIKl4AJVCXCL/O8ciGYhDiPRTYtxXPlU=
github.com/metal-toolbox/ironlib v0.2.4-0.20230222183727-c883ec3e1f26/go.mod h1:Edyd8KmhBxjb2F3/NIOGPpJ6CS0kyHJM080JTI8I76k=
github.com/metal-toolbox/ironlib v0.2.4-0.20230222184540-edb47856d716 h1:VRLOTOjEtCA4aqHAdSQa1Xsb4aO10Cs6Mx1mVBkKQL8=
github.com/metal-toolbox/ironlib v0.2.4-0.20230222184540-edb47856d716/go.mod h1:Edyd8KmhBxjb2F3/NIOGPpJ6CS0kyHJM080JTI8I76k=
github.com/metal-toolbox/ironlib v0.2.4-0.20230222184726-842b1060acf3 h1:nUeM+3GhukcNEbEeNsm476SY4CcjBGpSBOd2dv09XWI=
github.com/metal-toolbox/ironlib v0.2.4-0.20230222184726-842b1060acf3/go.mod h1:Edyd8KmhBxjb2F3/NIOGPpJ6CS0kyHJM080JTI8I76k=
github.com/metal-toolbox/ironlib v0.2.4-0.20230222185159-56c81bec80b5 h1:wgTCw47e11fhdoPDh4TOm7L3+URDrXVbeTuXxENVq6U=
github.com/metal-toolbox/ironlib v0.2.4-0.20230222185159-56c81bec80b5/go.mod h1:Edyd8KmhBxjb2F3/NIOGPpJ6CS0kyHJM080JTI8I76k=
github.com/metal-toolbox/ironlib v0.2.4-0.20230222190514-c44ba78eda56 h1:a7XWR1KFvcKx7J4NiyNU4ulnY0IMtqAQT2BXo93yqc0=
github.com/metal-toolbox/ironlib v0.2.4-0.20230222190514-c44ba78eda56/go.mod h1:Edyd8KmhBxjb2F3/NIOGPpJ6CS0kyHJM080JTI8I76k=
github.com/metal-toolbox/ironlib v0.2.4-0.20230222190900-a906290589d0 h1:dUXfaqK7zYh6+qAE+RmCS40KEYdF51pe1jRuc1UGLFY=
github.com/metal-toolbox/ironlib v0.2.4-0.20230222190900-a906290589d0/go.mod h1:Edyd8KmhBxjb2F3/NIOGPpJ6CS0kyHJM080JTI8I76k=
github.com/metal-toolbox/ironlib v0.2.4-0.20230223154040-e7c4cd829057 h1:Y8dfsVbdCsfbK0ttjR2CrFBZ5h7iTH+VC7xu9u79VPw=
github.com/metal-toolbox/ironlib v0.2.4-0.20230223154040-e7c4cd829057/go.mod h1:vywoREorRcBGmLTcJzjpPLHYDLTXLe8KazaXtLmVkFc=
github.com/metal-toolbox/ironlib v0.2.4-0.20230223154900-eda10483cfb3 h1:70BnvDHMqbZpJRGWER4LKCcrJISdFI50Znbvx4ioBRA=
github.com/metal-toolbox/ironlib v0.2.4-0.20230223154900-eda10483cfb3/go.mod h1:vywoREorRcBGmLTcJzjpPLHYDLTXLe8KazaXtLmVkFc=
github.com/metal-toolbox/ironlib v0.2.4-0.20230223155200-ed10b695c06c h1:au7HwVlz02UoqKcUyj2JzyzeH6ZSWizZFVqnZEamENw=
github.com/metal-toolbox/ironlib v0.2.4-0.20230223155200-ed10b695c06c/go.mod h1:vywoREorRcBGmLTcJzjpPLHYDLTXLe8KazaXtLmVkFc=
github.com/metal-toolbox/ironlib v0.2.4-0.20230223155638-170e57e3121c h1:F12TMHDc4ViIvJaDKfL02hYHRNpWAhalT3IyjM+3dRk=
github.com/metal-toolbox/ironlib v0.2.4-0.20230223155638-170e57e3121c/go.mod h1:vywoREorRcBGmLTcJzjpPLHYDLTXLe8KazaXtLmVkFc=
github.com/metal-toolbox/ironlib v0.2.4-0.20230223160311-41f3f22fb3d1 h1:qS3LNdgtgRcXkjkX8GFcX7sMbKrMv6NWylcfjpRyehs=
github.com/metal-toolbox/ironlib v0.2.4-0.20230223160311-41f3f22fb3d1/go.mod h1:vywoREorRcBGmLTcJzjpPLHYDLTXLe8KazaXtLmVkFc=
github.com/metal-toolbox/ironlib v0.2.4-0.20230223162636-ea5b2fc23ef9 h1:2iI674DSyU7g53ANZa6iqg75im3epEnvHOnvZxsvL3k=
github.com/metal-toolbox/ironlib v0.2.4-0.20230223162636-ea5b2fc23ef9/go.mod h1:vywoREorRcBGmLTcJzjpPLHYDLTXLe8KazaXtLmVkFc=
github.com/metal-toolbox/ironlib v0.2.4-0.20230223163115-2dec5fe700b1 h1:mbJmYVJYOgQi8ySpiDy9KKXLBYwSEc5tLG1ETsKMeq4=
github.com/metal-toolbox/ironlib v0.2.4-0.20230223163115-2dec5fe700b1/go.mod h1:vywoREorRcBGmLTcJzjpPLHYDLTXLe8KazaXtLmVkFc=
github.com/metal-toolbox/ironlib v0.2.4-0.20230223163448-4640be3b86b4 h1:lBgkv2hsXSgl2FjPip9okZ1eKTsHarzFV+td0SAywR0=
github.com/metal-toolbox/ironlib v0.2.4-0.20230223163448-4640be3b86b4/go.mod h1:vywoREorRcBGmLTcJzjpPLHYDLTXLe8KazaXtLmVkFc=
github.com/metal-toolbox/ironlib v0.2.4-0.20230223164805-17873281a799 h1:URCEvVbNi0ginnaXn0F72q934OTBa6BJmLNpB9ZC9+Q=
github.com/metal-toolbox/ironlib v0.2.4-0.20230223164805-17873281a799/go.mod h1:vywoREorRcBGmLTcJzjpPLHYDLTXLe8KazaXtLmVkFc=
github.com/metal-toolbox/ironlib v0.2.4-0.20230223165333-3a447b9e955f h1:kKSPIA8A2bIa4UlZH3ficAl1jz6rSAWGsDrJmqC7P34=
github.com/metal-toolbox/ironlib v0.2.4-0.20230223165333-3a447b9e955f/go.mod h1:vywoREorRcBGmLTcJzjpPLHYDLTXLe8KazaXtLmVkFc=
github.com/metal-toolbox/ironlib v0.2.4-0.20230223180158-c001d3b28efc h1:JYaFKUs0EypBMrRvt4N58EcGmu4ZZsg3qP6/6X5Q0Is=
github.com/metal-toolbox/ironlib v0.2.4-0.20230223180158-c001d3b28efc/go.mod h1:vywoREorRcBGmLTcJzjpPLHYDLTXLe8KazaXtLmVkFc=
github.com/metal-toolbox/ironlib v0.2.4-0.20230223181309-44c0e4f7738d h1:4jGB1XqeBoWlKUgmWJBjvx4c0NnPUzDTRHfE57yBdy4=
github.com/metal-toolbox/ironlib v0.2.4-0.20230223181309-44c0e4f7738d/go.mod h1:vywoREorRcBGmLTcJzjpPLHYDLTXLe8KazaXtLmVkFc=
github.com/metal-toolbox/ironlib v0.2.4-0.20230223181807-3664421b5288 h1:0E/bm06IySInE2zuIKz3cQ53yE9gDCwKWOWFnle3mJE=
github.com/metal-toolbox/ironlib v0.2.4-0.20230223181807-3664421b5288/go.mod h1:vywoREorRcBGmLTcJzjpPLHYDLTXLe8KazaXtLmVkFc=
github.com/metal-toolbox/ironlib v0.2.4-0.20230223182543-813edf5342fb h1:gK/+c2GjkQEiHaWNTwFpnoF9rPcEmmdN414vN1a/AzA=
github.com/metal-toolbox/ironlib v0.2.4-0.20230223182543-813edf5342fb/go.mod h1:vywoREorRcBGmLTcJzjpPLHYDLTXLe8KazaXtLmVkFc=
github.com/metal-toolbox/ironlib v0.2.4-0.20230223183938-1379eb863e8d h1:pMhuRnB3swTY+ry94nGnTwnBq1rgmQmYVV0iuVKs34k=
github.com/metal-toolbox/ironlib v0.2.4-0.20230223183938-1379eb863e8d/go.mod h1:vywoREorRcBGmLTcJzjpPLHYDLTXLe8KazaXtLmVkFc=
github.com/metal-toolbox/ironlib v0.2.4-0.20230223184528-4002a2a18b51 h1:pzw0mZufiSca3kByX4LJgAzkr4sYUcRk+KWfCFT9EJU=
github.com/metal-toolbox/ironlib v0.2.4-0.20230223184528-4002a2a18b51/go.mod h1:vywoREorRcBGmLTcJzjpPLHYDLTXLe8KazaXtLmVkFc=
github.com/metal-toolbox/ironlib v0.2.4-0.20230223185252-99d8416db756 h1:VBZk8d9qAZzB6qnrlTBfMfSzP5rbwXvibVLKpjCKzRM=
github.com/metal-toolbox/ironlib v0.2.4-0.20230223185252-99d8416db756/go.mod h1:vywoREorRcBGmLTcJzjpPLHYDLTXLe8KazaXtLmVkFc=
github.com/metal-toolbox/ironlib v0.2.4-0.20230223191536-a708371e1d22 h1:NzCOJcpBMNr0/Od37nUoWSQOL17c5/XXgjkAsLbtYpw=
github.com/metal-toolbox/ironlib v0.2.4-0.20230223191536-a708371e1d22/go.mod h1:vywoREorRcBGmLTcJzjpPLHYDLTXLe8KazaXtLmVkFc=
github.com/metal-toolbox/ironlib v0.2.4-0.20230223192011-9c35b0125d7a h1:UO0lWq+g/V70BgGbLBsntCsc4+uOptv2Xr3tg/g6Oxs=
github.com/metal-toolbox/ironlib v0.2.4-0.20230223192011-9c35b0125d7a/go.mod h1:vywoREorRcBGmLTcJzjpPLHYDLTXLe8KazaXtLmVkFc=
github.com/metal-toolbox/ironlib v0.2.4-0.20230223200808-f979f0d7049f h1:c/vmO4/qc+3FeEsk8BQhLfgl/pzQ1Czi+BXXTG9MF0A=
github.com/metal-toolbox/ironlib v0.2.4-0.20230223200808-f979f0d7049f/go.mod h1:vywoREorRcBGmLTcJzjpPLHYDLTXLe8KazaXtLmVkFc=
github.com/metal-toolbox/ironlib v0.2.4-0.20230223201016-bb5527f88a08 h1:WPU0Dh4lECEybKGjVbC+7PpcMTAqdB+nZgrb/LvzfKY=
github.com/metal-toolbox/ironlib v0.2.4-0.20230223201016-bb5527f88a08/go.mod h1:vywoREorRcBGmLTcJzjpPLHYDLTXLe8KazaXtLmVkFc=
github.com/metal-toolbox/ironlib v0.2.4-0.20230223201519-d596c293635b h1:Y4yp22WHBHnZyIdWPghiaz1tHyi1qMOOvtof/v5XCdE=
github.com/metal-toolbox/ironlib v0.2.4-0.20230223201519-d596c293635b/go.mod h1:vywoREorRcBGmLTcJzjpPLHYDLTXLe8KazaXtLmVkFc=
github.com/metal-toolbox/ironlib v0.2.4-0.20230223202107-ac3012ecf206 h1:OW+/OmLCn920xb51E6Umyc1x8+yAW2ABqTXHEFjWcd8=
github.com/metal-toolbox/ironlib v0.2.4-0.20230223202107-ac3012ecf206/go.mod h1:vywoREorRcBGmLTcJzjpPLHYDLTXLe8KazaXtLmVkFc=
github.com/metal-toolbox/ironlib v0.2.4-0.20230223202519-bc21f7ef141d h1:Xu0FODJHr9zdWuO9o4rg7bgLNStaQfUOlXot94bSxxg=
github.com/metal-toolbox/ironlib v0.2.4-0.20230223202519-bc21f7ef141d/go.mod h1:vywoREorRcBGmLTcJzjpPLHYDLTXLe8KazaXtLmVkFc=
github.com/metal-toolbox/ironlib v0.2.4-0.20230224183946-e71be5dd7435 h1:I7P83dmM17G01OA1t+Wx4CGb8DI/kTjTr56jpRGaFXU=
github.com/metal-toolbox/ironlib v0.2.4-0.20230224183946-e71be5dd7435/go.mod h1:vywoREorRcBGmLTcJzjpPLHYDLTXLe8KazaXtLmVkFc=
github.com/metal-toolbox/ironlib v0.2.4-0.20230224184900-63f7d57de6a0 h1:dCNwH25VueXEpmQiR8FRspcVcnp/a/xykHCd3NYbYdY=
github.com/metal-toolbox/ironlib v0.2.4-0.20230224184900-63f7d57de6a0/go.mod h1:vywoREorRcBGmLTcJzjpPLHYDLTXLe8KazaXtLmVkFc=
github.com/metal-toolbox/ironlib v0.2.4-0.20230224185048-72ece5b6437e h1:hnA6YDrRN5orDrOyGo0IMEQfUq3nTPLT8YmRyXjHts4=
github.com/metal-toolbox/ironlib v0.2.4-0.20230224185048-72ece5b6437e/go.mod h1:vywoREorRcBGmLTcJzjpPLHYDLTXLe8KazaXtLmVkFc=
github.com/metal-toolbox/ironlib v0.2.4-0.20230224192322-5f741379f4a7 h1:idlgCfqnvJZoXh+nY6h47oWRp2l0UDf++n4Q4hmywhc=
github.com/metal-toolbox/ironlib v0.2.4-0.20230224192322-5f741379f4a7/go.mod h1:vywoREorRcBGmLTcJzjpPLHYDLTXLe8KazaXtLmVkFc=
github.com/metal-toolbox/ironlib v0.2.4-0.20230224193555-850d685164e1 h1:G6P+uqZzmJbQKWwG20Gzo112sLRB3LWzw49GAHo5WPM=
github.com/metal-toolbox/ironlib v0.2.4-0.20230224193555-850d685164e1/go.mod h1:vywoREorRcBGmLTcJzjpPLHYDLTXLe8KazaXtLmVkFc=
github.com/metal-toolbox/ironlib v0.2.4-0.20230228143042-bbf90899db88 h1:TO5Y6hlirPKXQFcohuYeUx90X8FYa916ct5XKHxcBl0=
github.com/metal-toolbox/ironlib v0.2.4-0.20230228143042-bbf90899db88/go.mod h1:vywoREorRcBGmLTcJzjpPLHYDLTXLe8KazaXtLmVkFc=
github.com/metal-toolbox/ironlib v0.2.4-0.20230228144532-64983687c4fa h1:An+ioRfmqVM1A3Cr9K547FiBNOVgt9HWh+85H9Dgpfs=
github.com/metal-toolbox/ironlib v0.2.4-0.20230228144532-64983687c4fa/go.mod h1:vywoREorRcBGmLTcJzjpPLHYDLTXLe8KazaXtLmVkFc=
github.com/metal-toolbox/ironlib v0.2.4-0.20230228144752-2121f395310b h1:ZwQW0lF9L0GoNfnDG/y//CCH7qMv11wEVumm8DczD4M=
github.com/metal-toolbox/ironlib v0.2.4-0.20230228144752-2121f395310b/go.mod h1:vywoREorRcBGmLTcJzjpPLHYDLTXLe8KazaXtLmVkFc=
github.com/metal-toolbox/ironlib v0.2.4-0.20230228145118-38f921c50d8f h1:aocxbUi9iPz8yjfQ1o50oCDnan23L5hiu/2qdOJtrmo=
github.com/metal-toolbox/ironlib v0.2.4-0.20230228145118-38f921c50d8f/go.mod h1:vywoREorRcBGmLTcJzjpPLHYDLTXLe8KazaXtLmVkFc=
github.com/metal-toolbox/ironlib v0.2.4-0.20230228145404-5b442b22ada6 h1:jewrfz4K9LMy+H3l/tr7XekuvdlITrdCjcKDEaoo5bA=
github.com/metal-toolbox/ironlib v0.2.4-0.20230228145404-5b442b22ada6/go.mod h1:vywoREorRcBGmLTcJzjpPLHYDLTXLe8KazaXtLmVkFc=
github.com/metal-toolbox/ironlib v0.2.4-0.20230228145940-701ab4ea9d03 h1:Je7QwrBH01LcPdUgJbuYVesCwgg3JVEv0DMhMX5iH80=
github.com/metal-toolbox/ironlib v0.2.4-0.20230228145940-701ab4ea9d03/go.mod h1:vywoREorRcBGmLTcJzjpPLHYDLTXLe8KazaXtLmVkFc=
github.com/metal-toolbox/ironlib v0.2.4-0.20230228150731-ee8c941fc36a h1:dovdyXBWXHGA9K5XU3Nr4ZiPF4PqgbdZR/wGYKnRoRQ=
github.com/metal-toolbox/ironlib v0.2.4-0.20230228150731-ee8c941fc36a/go.mod h1:vywoREorRcBGmLTcJzjpPLHYDLTXLe8KazaXtLmVkFc=
github.com/metal-toolbox/ironlib v0.2.4-0.20230228151038-eb8e425b02b0 h1:ZY/fL9Kn66ZGcKVAzkYxHjsRhFbHDo6MtXHbXRJbIhE=
github.com/metal-toolbox/ironlib v0.2.4-0.20230228151038-eb8e425b02b0/go.mod h1:vywoREorRcBGmLTcJzjpPLHYDLTXLe8KazaXtLmVkFc=
github.com/metal-toolbox/ironlib v0.2.4-0.20230228151224-14b2b8742885 h1:rQMQb48HN5ajm4huFo8WnunxmqoHKwXft7TT2fWsCLI=
github.com/metal-toolbox/ironlib v0.2.4-0.20230228151224-14b2b8742885/go.mod h1:vywoREorRcBGmLTcJzjpPLHYDLTXLe8KazaXtLmVkFc=
github.com/metal-toolbox/ironlib v0.2.4-0.20230228152010-a98b2b7fdf96 h1:msqCPhqFHNYsUow3CROV6wDbkC7hfv3I18Peu3ZQXuQ=
github.com/metal-toolbox/ironlib v0.2.4-0.20230228152010-a98b2b7fdf96/go.mod h1:vywoREorRcBGmLTcJzjpPLHYDLTXLe8KazaXtLmVkFc=
github.com/metal-toolbox/ironlib v0.2.4-0.20230228152326-04434d8057b9 h1:8mGz4RtVwZmkBW97hZZtrrLeXkuBPtvMKYvE/PxIahE=
github.com/metal-toolbox/ironlib v0.2.4-0.20230228152326-04434d8057b9/go.mod h1:vywoREorRcBGmLTcJzjpPLHYDLTXLe8KazaXtLmVkFc=
github.com/metal-toolbox/ironlib v0.2.4-0.20230228154145-e953a742055e h1:V9+EyvN0LiIp3Naxcg2rMZktsP6YXoerCS2Z3WMBSnY=
github.com/metal-toolbox/ironlib v0.2.4-0.20230228154145-e953a742055e/go.mod h1:vywoREorRcBGmLTcJzjpPLHYDLTXLe8KazaXtLmVkFc=
github.com/metal-toolbox/ironlib v0.2.4-0.20230228154351-931df0471fdd h1:D8RQqJC4lka009n00TpwM02IiPkIwIwxTwdFNK8/WAM=
github.com/metal-toolbox/ironlib v0.2.4-0.20230228154351-931df0471fdd/go.mod h1:vywoREorRcBGmLTcJzjpPLHYDLTXLe8KazaXtLmVkFc=
github.com/metal-toolbox/ironlib v0.2.4 h1:Ye3e2SY3YBJJqIIG7mWWTDpKmH18R3grELIu0d7TfW0=
github.com/metal-toolbox/ironlib v0.2.4/go.mod h1:vywoREorRcBGmLTcJzjpPLHYDLTXLe8KazaXtLmVkFc=
github.com/metal-toolbox/ironlib v0.2.5-0.20230228184209-77d5f1fdb60e h1:ORfScSBGuglhpoF0Suv8se84C9ecydjgmhqvUZsgAj0=
github.com/metal-toolbox/ironlib v0.2.5-0.20230228184209-77d5f1fdb60e/go.mod h1:vywoREorRcBGmLTcJzjpPLHYDLTXLe8KazaXtLmVkFc=
github.com/metal-toolbox/ironlib v0.2.5-0.20230228184547-eb5ba996f6c8 h1:8aboK5/pRXzNvottFK8nSoM2y7qSrp+SpB+kHiKVSso=
github.com/metal-toolbox/ironlib v0.2.5-0.20230228184547-eb5ba996f6c8/go.mod h1:vywoREorRcBGmLTcJzjpPLHYDLTXLe8KazaXtLmVkFc=
github.com/metal-toolbox/ironlib v0.2.5-0.20230228184834-560bb6168643 h1:M8z42kTZfjSkJZheD+Qyv2/ite4NW/oqaewdZLhW6aU=
github.com/metal-toolbox/ironlib v0.2.5-0.20230228184834-560bb6168643/go.mod h1:vywoREorRcBGmLTcJzjpPLHYDLTXLe8KazaXtLmVkFc=
github.com/metal-toolbox/ironlib v0.2.5-0.20230228185231-8b56c6a84226 h1:ZF7MtadTpORfKbDcZyxa0xT/GJuAuSrUlnOTBvQLPfI=
github.com/metal-toolbox/ironlib v0.2.5-0.20230228185231-8b56c6a84226/go.mod h1:vywoREorRcBGmLTcJzjpPLHYDLTXLe8KazaXtLmVkFc=
github.com/metal-toolbox/ironlib v0.2.5-0.20230303164034-e33dfeee9ce1 h1:5zfyftgBLXpjicA4wONfdM/Cot05+K3A041MaDNPo9c=
github.com/metal-toolbox/ironlib v0.2.5-0.20230303164034-e33dfeee9ce1/go.mod h1:vywoREorRcBGmLTcJzjpPLHYDLTXLe8KazaXtLmVkFc=
github.com/metal-toolbox/ironlib v0.2.5-0.20230306152347-c0c56991baa3 h1:cWw2rchn4HP7rMlfYC6F2Yl6QHIG0IGspJSVUp/Pei0=
github.com/metal-toolbox/ironlib v0.2.5-0.20230306152347-c0c56991baa3/go.mod h1:vywoREorRcBGmLTcJzjpPLHYDLTXLe8KazaXtLmVkFc=
github.com/metal-toolbox/ironlib v0.2.5 h1:un+QgZWYe5b9lZZbtPMspSyoK2P3a1rw+5daz7pUF7g=
github.com/metal-toolbox/ironlib v0.2.5/go.mod h1:vywoREorRcBGmLTcJzjpPLHYDLTXLe8KazaXtLmVkFc=
github.com/metal-toolbox/ironlib v0.2.6 h1:BD6iBoN+IHB4fBuFqAK8JfQNwqRVUAQZ3D/qjJKknfg=
github.com/metal-toolbox/ironlib v0.2.6/go.mod h1:twp0CVQaUAZ7LAx6uZy99bGaH89zIj6b5C+kCrId9p0=
github.com/metal-toolbox/ironlib v0.2.9 h1:X1gmEZ51OHlQkflWAnBGYpDt5rXFOjQ3w59wexyFJdg=
github.com/metal-toolbox/ironlib v0.2.9/go.mod h1:twp0CVQaUAZ7LAx6uZy99bGaH89zIj6b5C+kCrId9p0=
github.com/mibk/dupl v1.0.0/go.mod h1:pCr4pNxxIbFGvtyCOi0c7LVjmV6duhKWV+ex5vh38ME=
github.com/pierrec/lz4 v2.3.0+incompatible/go.mod h1:pdkljMzZIN41W+lC3N2tnIh5sFi+IEE17M5jbnwPHcY=
github.com/pierrec/lz4 v2.6.1+incompatible h1:9UY3+iC23yxF0UfGaYrGplQ+79Rg+h/q9FV9ix19jjM=
github.com/pierrec/lz4 v2.6.1+incompatible/go.mod h1:pdkljMzZIN41W+lC3N2tnIh5sFi+IEE17M5jbnwPHcY=
github.com/pkg/diff v0.0.0-20210226163009-20ebb0f2a09e/go.mod h1:pJLUxLENpZxwdsKMEsNbx1VGcRFpLqf3715MtcvvzbA=
github.com/pkg/errors v0.8.1/go.mod h1:bwawxfHBFNV+L2hUp1rHADufV3IMtnDRdf1r5NINEl0=
github.com/pkg/errors v0.9.1 h1:FEBLx1zS214owpjy7qsBeixbURkuhQAwrK5UwLGTwt4=
github.com/pkg/errors v0.9.1/go.mod h1:bwawxfHBFNV+L2hUp1rHADufV3IMtnDRdf1r5NINEl0=
github.com/pkg/xattr v0.4.1/go.mod h1:W2cGD0TBEus7MkUgv0tNZ9JutLtVO3cXu+IBRuHqnFs=
github.com/pkg/xattr v0.4.9 h1:5883YPCtkSd8LFbs13nXplj9g9tlrwoJRjgpgMu1/fE=
github.com/pkg/xattr v0.4.9/go.mod h1:di8WF84zAKk8jzR1UBTEWh9AUlIZZ7M/JNt8e9B6ktU=
github.com/pmezard/go-difflib v1.0.0 h1:4DBwDE0NGyQoBHbLQYPwSUPoCMWR5BEzIk/f1lZbAQM=
github.com/pmezard/go-difflib v1.0.0/go.mod h1:iKH77koFhYxTK1pcRnkKkqfTogsbg7gZNVY4sRDYZ/4=
github.com/r3labs/diff/v2 v2.15.1 h1:EOrVqPUzi+njlumoqJwiS/TgGgmZo83619FNDB9xQUg=
github.com/r3labs/diff/v2 v2.15.1/go.mod h1:I8noH9Fc2fjSaMxqF3G2lhDdC0b+JXCfyx85tWFM9kc=
github.com/rogpeppe/go-internal v1.3.0/go.mod h1:M8bDsm7K2OlrFYOpmOWEs/qY81heoFRclV5y23lUDJ4=
github.com/rogpeppe/go-internal v1.6.1/go.mod h1:xXDCJY+GAPziupqXw64V24skbSoqbTEfhy4qGm1nDQc=
github.com/rogpeppe/go-internal v1.9.0 h1:73kH8U+JUqXU8lRuOHeVHaa/SZPifC7BkcraZVejAe8=
github.com/rogpeppe/go-internal v1.9.0/go.mod h1:WtVeX8xhTBvf0smdhujwtBcq4Qrzq/fJaraNFVN+nFs=
github.com/russross/blackfriday/v2 v2.1.0/go.mod h1:+Rmxgy9KzJVeS9/2gXHxylqXiyQDYRxCVz55jmeOWTM=
github.com/sirupsen/logrus v1.4.2/go.mod h1:tLMulIdttU9McNUspp0xgXVQah82FyeX6MwdIuYE2rE=
github.com/sirupsen/logrus v1.7.0/go.mod h1:yWOB1SBYBC5VeMP7gHvWumXLIWorT60ONWic61uBYv0=
github.com/sirupsen/logrus v1.9.0 h1:trlNQbNUG3OdDrDil03MCb1H2o9nJ1x4/5LYw7byDE0=
github.com/sirupsen/logrus v1.9.0/go.mod h1:naHLuLoDiP4jHNo9R0sCBMtWGeIprob74mVsIT4qYEQ=
github.com/spf13/cobra v1.6.1 h1:o94oiPyS4KD1mPy2fmcYYHHfCxLqYjJOhGsCHFZtEzA=
github.com/spf13/cobra v1.6.1/go.mod h1:IOw/AERYS7UzyrGinqmz6HLUo219MORXGxhbaJUqzrY=
github.com/spf13/pflag v1.0.5 h1:iy+VFUOCP1a+8yFto/drg2CJ5u0yRoB7fZw3DKv/JXA=
github.com/spf13/pflag v1.0.5/go.mod h1:McXfInJRrz4CZXVZOBLb0bTZqETkiAhM9Iw0y3An2Bg=
github.com/stretchr/objx v0.1.0/go.mod h1:HFkY916IF+rwdDfMAkV7OtwuqBVzrE8GR6GFx+wExME=
github.com/stretchr/objx v0.1.1/go.mod h1:HFkY916IF+rwdDfMAkV7OtwuqBVzrE8GR6GFx+wExME=
github.com/stretchr/objx v0.4.0/go.mod h1:YvHI0jy2hoMjB+UWwv71VJQ9isScKT/TqJzVSSt89Yw=
github.com/stretchr/objx v0.5.0/go.mod h1:Yh+to48EsGEfYuaHDzXPcE3xhTkx73EhmCGUpEOglKo=
github.com/stretchr/testify v1.2.2/go.mod h1:a8OnRcib4nhh0OaRAV+Yts87kKdq0PP7pXfy6kDkUVs=
github.com/stretchr/testify v1.3.0/go.mod h1:M5WIy9Dh21IEIfnGCwXGc5bZfKNJtfHm1UVUgZn+9EI=
github.com/stretchr/testify v1.5.1/go.mod h1:5W2xD1RspED5o8YsWQXVCued0rvSQ+mT+I5cxcmMvtA=
github.com/stretchr/testify v1.7.0/go.mod h1:6Fq8oRcR53rry900zMqJjRRixrwX3KX962/h/Wwjteg=
github.com/stretchr/testify v1.7.1/go.mod h1:6Fq8oRcR53rry900zMqJjRRixrwX3KX962/h/Wwjteg=
github.com/stretchr/testify v1.8.0/go.mod h1:yNjHg4UonilssWZ8iaSj1OCr/vHnekPRkoO+kdMU+MU=
github.com/stretchr/testify v1.8.1 h1:w7B6lhMri9wdJUVmEZPGGhZzrYTPvgJArz7wNPgYKsk=
github.com/stretchr/testify v1.8.1/go.mod h1:w2LPCIKwWwSfY2zedu0+kehJoqGctiVI29o6fzry7u4=
github.com/stripe/safesql v0.2.0/go.mod h1:q7b2n0JmzM1mVGfcYpanfVb2j23cXZeWFxcILPn3JV4=
github.com/tidwall/gjson v1.14.4 h1:uo0p8EbA09J7RQaflQ1aBRffTR7xedD2bcIVSYxLnkM=
github.com/tidwall/gjson v1.14.4/go.mod h1:/wbyibRr2FHMks5tjHJ5F8dMZh3AcwJEMf5vlfC0lxk=
github.com/tidwall/match v1.1.1 h1:+Ho715JplO36QYgwN9PGYNhgZvoUSc9X2c80KVTi+GA=
github.com/tidwall/match v1.1.1/go.mod h1:eRSPERbgtNPcGhD8UCthc6PmLEQXEWd3PRB5JTxsfmM=
github.com/tidwall/pretty v1.2.0/go.mod h1:ITEVvHYasfjBbM0u2Pg8T2nJnzm8xPwvNhhsoaGGjNU=
github.com/tidwall/pretty v1.2.1 h1:qjsOFOWWQl+N3RsoF5/ssm1pHmJJwhjlSbZ51I6wMl4=
github.com/tidwall/pretty v1.2.1/go.mod h1:ITEVvHYasfjBbM0u2Pg8T2nJnzm8xPwvNhhsoaGGjNU=
github.com/tsenart/deadcode v0.0.0-20160724212837-210d2dc333e9/go.mod h1:q+QjxYvZ+fpjMXqs+XEriussHjSYqeXVnAdSV1tkMYk=
github.com/ulikunitz/xz v0.5.6/go.mod h1:2bypXElzHzzJZwzH67Y6wb67pO62Rzfn7BSiF4ABRW8=
github.com/ulikunitz/xz v0.5.10 h1:t92gobL9l3HE202wg3rlk19F6X+JOxl9BBrCCMYEYd8=
github.com/ulikunitz/xz v0.5.10/go.mod h1:nbz6k7qbPmH4IRqmfOplQw/tblSgqTqBwxkY0oWt/14=
github.com/vmihailenco/msgpack v4.0.4+incompatible h1:dSLoQfGFAo3F6OoNhwUmLwVgaUXK79GlxNBwueZn0xI=
github.com/vmihailenco/msgpack v4.0.4+incompatible/go.mod h1:fy3FlTQTDXWkZ7Bh6AcGMlsjHatGryHQYUTf1ShIgkk=
github.com/yuin/goldmark v1.3.5/go.mod h1:mwnBkeHKe2W/ZEtQ+71ViKU8L12m81fl3OWwC1Zlc8k=
github.com/yuin/goldmark v1.4.13/go.mod h1:6yULJ656Px+3vBD8DxQVa3kxgyrAnzto9xy5taEt/CY=
go.uber.org/atomic v1.4.0/go.mod h1:gD2HeocX3+yG+ygLZcrzQJaqmWj9AIm7n08wl/qW/PE=
go.uber.org/atomic v1.7.0/go.mod h1:fEN4uk6kAWBTFdckzkM89CLk9XfWZrxpCo0nPH17wJc=
go.uber.org/atomic v1.10.0 h1:9qC72Qh0+3MqyJbAn8YU5xVq1frD8bn3JtD2oXtafVQ=
go.uber.org/atomic v1.10.0/go.mod h1:LUxbIzbOniOlMKjJjyPfpl4v+PKK2cNJn91OQbhoJI0=
go.uber.org/goleak v1.1.11 h1:wy28qYRKZgnJTxGxvye5/wgWr1EKjmUDGYox5mGlRlI=
go.uber.org/goleak v1.1.11/go.mod h1:cwTWslyiVhfpKIDGSZEM2HlOvcqm+tG4zioyIeLoqMQ=
go.uber.org/multierr v1.1.0/go.mod h1:wR5kodmAFQ0UK8QlbwjlSNy0Z68gJhDJUG5sjR94q/0=
go.uber.org/multierr v1.6.0/go.mod h1:cdWPpRnG4AhwMwsgIHip0KRBQjJy5kYEpYjJxpXp9iU=
go.uber.org/multierr v1.8.0 h1:dg6GjLku4EH+249NNmoIciG9N/jURbDG+pFlTkhzIC8=
go.uber.org/multierr v1.8.0/go.mod h1:7EAYxJLBy9rStEaz58O2t4Uvip6FSURkq8/ppBp95ak=
go.uber.org/zap v1.10.0/go.mod h1:vwi/ZaCAaUcBkycHslxD9B2zi4UTXhF60s6SWpuDF0Q=
go.uber.org/zap v1.23.0 h1:OjGQ5KQDEUawVHxNwQgPpiypGHOxo2mNZsOqTak4fFY=
go.uber.org/zap v1.23.0/go.mod h1:D+nX8jyLsMHMYrln8A0rJjFt/T/9/bGgIhAqxv5URuY=
golang.org/x/crypto v0.0.0-20190308221718-c2843e01d9a2/go.mod h1:djNgcEr1/C05ACkg1iLfiJU5Ep61QUkGW8qpdssI0+w=
golang.org/x/crypto v0.0.0-20190510104115-cbcb75029529/go.mod h1:yigFU9vqHzYiE8UmvKecakEJjdnWj3jj499lnFckfCI=
golang.org/x/crypto v0.0.0-20191011191535-87dc89f01550/go.mod h1:yigFU9vqHzYiE8UmvKecakEJjdnWj3jj499lnFckfCI=
golang.org/x/crypto v0.0.0-20210921155107-089bfa567519/go.mod h1:GvvjBRRGRdwPK5ydBHafDWAxML/pGHZbMvKqRZ5+Abc=
golang.org/x/crypto v0.1.0/go.mod h1:RecgLatLF4+eUMCP1PoPZQb+cVrJcOPbHkTkbkB9sbw=
golang.org/x/exp v0.0.0-20221114191408-850992195362 h1:NoHlPRbyl1VFI6FjwHtPQCN7wAMXI6cKcqrmXhOOfBQ=
golang.org/x/exp v0.0.0-20221114191408-850992195362/go.mod h1:CxIveKay+FTh1D0yPZemJVgC/95VzuuOLq5Qi4xnoYc=
golang.org/x/lint v0.0.0-20190930215403-16217165b5de/go.mod h1:6SW0HCj/g11FgYtHlgUYUwCkIfeOF89ocIRzGO/8vkc=
golang.org/x/mod v0.0.0-20190513183733-4bf6d317e70e/go.mod h1:mXi4GBBbnImb6dmsKGUJ2LatrhH/nqhxcFungHvyanc=
golang.org/x/mod v0.1.1-0.20191105210325-c90efee705ee/go.mod h1:QqPTAvyqsEbceGzBzNggFXnrqF1CaUcvgkdR5Ot7KZg=
golang.org/x/mod v0.4.2/go.mod h1:s0Qsj1ACt9ePp/hMypM3fl4fZqREWJwdYDEqhRiZZUA=
golang.org/x/mod v0.6.0-dev.0.20220419223038-86c51ed26bb4/go.mod h1:jJ57K6gSWd91VN4djpZkiMVwK6gcyfeH4XE8wZrZaV4=
golang.org/x/mod v0.6.0/go.mod h1:4mET923SAdbXp2ki8ey+zGs1SLqsuM2Y0uvdZR/fUNI=
golang.org/x/net v0.0.0-20190311183353-d8887717615a/go.mod h1:t9HGtf8HONx5eT2rtn7q6eTqICYqUVnKs3thJo3Qplg=
golang.org/x/net v0.0.0-20190404232315-eb5bcb51f2a3/go.mod h1:t9HGtf8HONx5eT2rtn7q6eTqICYqUVnKs3thJo3Qplg=
golang.org/x/net v0.0.0-20190603091049-60506f45cf65/go.mod h1:HSz+uSET+XFnRR8LxR5pz3Of3rY3CfYBVs4xY44aLks=
golang.org/x/net v0.0.0-20190620200207-3b0461eec859/go.mod h1:z5CRVTTTmAJ677TzLLGU+0bjPO0LkuOLi4/5GtJWs/s=
golang.org/x/net v0.0.0-20210226172049-e18ecbb05110/go.mod h1:m0MpNAwzfU5UDzcl9v0D8zg8gWTRqZa9RBIspLL5mdg=
golang.org/x/net v0.0.0-20210405180319-a5a99cb37ef4/go.mod h1:p54w0d4576C0XHj96bSt6lcn1PtDYWL6XObtHCRCNQM=
golang.org/x/net v0.0.0-20220722155237-a158d28d115b/go.mod h1:XRhObCWvk6IyKnWLug+ECip1KBveYUHfp+8e9klMJ9c=
golang.org/x/net v0.1.0/go.mod h1:Cx3nUiGt4eDBEyega/BKRp+/AlGL8hYe7U9odMt2Cco=
golang.org/x/net v0.2.0 h1:sZfSu1wtKLGlWI4ZZayP0ck9Y73K1ynO6gqzTdBVdPU=
golang.org/x/net v0.2.0/go.mod h1:KqCZLdyyvdV855qA2rE3GC2aiw5xGR5TEjj8smXukLY=
golang.org/x/net v0.6.0 h1:L4ZwwTvKW9gr0ZMS1yrHD9GZhIuVjOBBnaKH+SPQK0Q=
golang.org/x/net v0.6.0/go.mod h1:2Tu9+aMcznHK/AK1HMvgo6xiTLG5rD5rZLDS+rp2Bjs=
golang.org/x/net v0.7.0 h1:rJrUqqhjsgNp7KqAIc25s9pZnjU7TUcSY7HcVZjdn1g=
golang.org/x/net v0.7.0/go.mod h1:2Tu9+aMcznHK/AK1HMvgo6xiTLG5rD5rZLDS+rp2Bjs=
golang.org/x/sync v0.0.0-20190423024810-112230192c58/go.mod h1:RxMgew5VJxzue5/jJTE5uejpjVlOe/izrB70Jof72aM=
golang.org/x/sync v0.0.0-20210220032951-036812b2e83c/go.mod h1:RxMgew5VJxzue5/jJTE5uejpjVlOe/izrB70Jof72aM=
golang.org/x/sync v0.0.0-20220722155255-886fb9371eb4/go.mod h1:RxMgew5VJxzue5/jJTE5uejpjVlOe/izrB70Jof72aM=
golang.org/x/sys v0.0.0-20181021155630-eda9bb28ed51/go.mod h1:STP8DvDyc/dI5b8T5hshtkjS+E42TnysNCUPdjciGhY=
golang.org/x/sys v0.0.0-20190215142949-d0b11bdaac8a/go.mod h1:STP8DvDyc/dI5b8T5hshtkjS+E42TnysNCUPdjciGhY=
golang.org/x/sys v0.0.0-20190412213103-97732733099d/go.mod h1:h1NjWce9XRLGQEsW7wpKNCjG9DtNlClVuFLEZdDNbEs=
golang.org/x/sys v0.0.0-20190422165155-953cdadca894/go.mod h1:h1NjWce9XRLGQEsW7wpKNCjG9DtNlClVuFLEZdDNbEs=
golang.org/x/sys v0.0.0-20190804053845-51ab0e2deafa/go.mod h1:h1NjWce9XRLGQEsW7wpKNCjG9DtNlClVuFLEZdDNbEs=
golang.org/x/sys v0.0.0-20191026070338-33540a1f6037/go.mod h1:h1NjWce9XRLGQEsW7wpKNCjG9DtNlClVuFLEZdDNbEs=
golang.org/x/sys v0.0.0-20200420163511-1957bb5e6d1f/go.mod h1:h1NjWce9XRLGQEsW7wpKNCjG9DtNlClVuFLEZdDNbEs=
golang.org/x/sys v0.0.0-20201119102817-f84b799fce68/go.mod h1:h1NjWce9XRLGQEsW7wpKNCjG9DtNlClVuFLEZdDNbEs=
golang.org/x/sys v0.0.0-20210330210617-4fbd30eecc44/go.mod h1:h1NjWce9XRLGQEsW7wpKNCjG9DtNlClVuFLEZdDNbEs=
golang.org/x/sys v0.0.0-20210510120138-977fb7262007/go.mod h1:oPkhp1MJrh7nUepCBck5+mAzfO9JrbApNNgaTdGDITg=
golang.org/x/sys v0.0.0-20210615035016-665e8c7367d1/go.mod h1:oPkhp1MJrh7nUepCBck5+mAzfO9JrbApNNgaTdGDITg=
golang.org/x/sys v0.0.0-20220408201424-a24fb2fb8a0f/go.mod h1:oPkhp1MJrh7nUepCBck5+mAzfO9JrbApNNgaTdGDITg=
golang.org/x/sys v0.0.0-20220412211240-33da011f77ad/go.mod h1:oPkhp1MJrh7nUepCBck5+mAzfO9JrbApNNgaTdGDITg=
golang.org/x/sys v0.0.0-20220520151302-bc2c85ada10a/go.mod h1:oPkhp1MJrh7nUepCBck5+mAzfO9JrbApNNgaTdGDITg=
golang.org/x/sys v0.0.0-20220715151400-c0bba94af5f8/go.mod h1:oPkhp1MJrh7nUepCBck5+mAzfO9JrbApNNgaTdGDITg=
golang.org/x/sys v0.0.0-20220722155257-8c9f86f7a55f/go.mod h1:oPkhp1MJrh7nUepCBck5+mAzfO9JrbApNNgaTdGDITg=
golang.org/x/sys v0.1.0/go.mod h1:oPkhp1MJrh7nUepCBck5+mAzfO9JrbApNNgaTdGDITg=
golang.org/x/sys v0.2.0 h1:ljd4t30dBnAvMZaQCevtY0xLLD0A+bRZXbgLMLU1F/A=
golang.org/x/sys v0.2.0/go.mod h1:oPkhp1MJrh7nUepCBck5+mAzfO9JrbApNNgaTdGDITg=
golang.org/x/sys v0.5.0 h1:MUK/U/4lj1t1oPg0HfuXDN/Z1wv31ZJ/YcPiGccS4DU=
golang.org/x/sys v0.5.0/go.mod h1:oPkhp1MJrh7nUepCBck5+mAzfO9JrbApNNgaTdGDITg=
golang.org/x/term v0.0.0-20201126162022-7de9c90e9dd1/go.mod h1:bj7SfCRtBDWHUb9snDiAeCFNEtKQo2Wmx5Cou7ajbmo=
golang.org/x/term v0.0.0-20210927222741-03fcf44c2211/go.mod h1:jbD1KX2456YbFQfuXm/mYQcufACuNUgVhRMnK/tPxf8=
golang.org/x/term v0.1.0/go.mod h1:jbD1KX2456YbFQfuXm/mYQcufACuNUgVhRMnK/tPxf8=
golang.org/x/term v0.5.0/go.mod h1:jMB1sMXY+tzblOD4FWmEbocvup2/aLOaQEp7JmGp78k=
golang.org/x/text v0.3.0/go.mod h1:NqM8EUOU14njkJ3fqMW+pc6Ldnwhi/IjpwHt7yyuwOQ=
golang.org/x/text v0.3.2/go.mod h1:bEr9sfX3Q8Zfm5fL9x+3itogRgK3+ptLWKqgva+5dAk=
golang.org/x/text v0.3.3/go.mod h1:5Zoc/QRtKVWzQhOtBMvqHzDpF6irO9z98xDceosuGiQ=
golang.org/x/text v0.3.7/go.mod h1:u+2+/6zg+i71rQMx5EYifcz6MCKuco9NR6JIITiCfzQ=
golang.org/x/text v0.4.0 h1:BrVqGRd7+k1DiOgtnFvAkoQEWQvBc25ouMJM6429SFg=
golang.org/x/text v0.4.0/go.mod h1:mrYo+phRRbMaCq/xk9113O4dZlRixOauAjOtrjsXDZ8=
golang.org/x/text v0.7.0 h1:4BRB4x83lYWy72KwLD/qYDuTu7q9PjSagHvijDw7cLo=
golang.org/x/text v0.7.0/go.mod h1:mrYo+phRRbMaCq/xk9113O4dZlRixOauAjOtrjsXDZ8=
golang.org/x/tools v0.0.0-20180917221912-90fa682c2a6e/go.mod h1:n7NCudcB/nEzxVGmLbDWY5pfWTLqBcC2KZ6jyYvM4mQ=
golang.org/x/tools v0.0.0-20190311212946-11955173bddd/go.mod h1:LCzVGOaR6xXOjkQ3onu1FJEFr0SW1gC7cKk1uF8kGRs=
golang.org/x/tools v0.0.0-20190621195816-6e04913cbbac/go.mod h1:/rFqwRUd4F7ZHNgwSSTFct+R/Kf4OFW1sUzUTQQTgfc=
golang.org/x/tools v0.0.0-20191119224855-298f0cb1881e/go.mod h1:b+2E5dAYhXwXZwtnZ6UAqBI28+e2cm9otk0dWdXHAEo=
golang.org/x/tools v0.0.0-20200102200121-6de373a2766c/go.mod h1:TB2adYChydJhpapKDTa4BR/hXlZSLoq2Wpct/0txZ28=
golang.org/x/tools v0.1.5/go.mod h1:o0xws9oXOQQZyjljx8fwUC0k7L1pTE6eaCbjGeHmOkk=
golang.org/x/tools v0.1.12/go.mod h1:hNGJHUnrk76NpqgfD5Aqm5Crs+Hm0VOH/i9J2+nxYbc=
golang.org/x/tools v0.2.0/go.mod h1:y4OqIKeOV/fWJetJ8bXPU1sEVniLMIyDAZWeHdV+NTA=
golang.org/x/xerrors v0.0.0-20190717185122-a985d3407aa7/go.mod h1:I/5z698sn9Ka8TeJc9MKroUUfqBBauWjQqLJ2OPfmY0=
golang.org/x/xerrors v0.0.0-20191011141410-1b5146add898/go.mod h1:I/5z698sn9Ka8TeJc9MKroUUfqBBauWjQqLJ2OPfmY0=
golang.org/x/xerrors v0.0.0-20191204190536-9bdfabe68543/go.mod h1:I/5z698sn9Ka8TeJc9MKroUUfqBBauWjQqLJ2OPfmY0=
golang.org/x/xerrors v0.0.0-20200804184101-5ec99f83aff1/go.mod h1:I/5z698sn9Ka8TeJc9MKroUUfqBBauWjQqLJ2OPfmY0=
google.golang.org/appengine v1.6.6/go.mod h1:8WjMMxjGQR8xUklV/ARdw2HLXBOI7O7uCIDZVag1xfc=
google.golang.org/appengine v1.6.7 h1:FZR1q0exgwxzPzp/aF+VccGrSfxfPpkBqjIIEq3ru6c=
google.golang.org/appengine v1.6.7/go.mod h1:8WjMMxjGQR8xUklV/ARdw2HLXBOI7O7uCIDZVag1xfc=
google.golang.org/protobuf v1.26.0-rc.1/go.mod h1:jlhhOSvTdKEhbULTjvd4ARK9grFBp09yW+WbY/TyQbw=
google.golang.org/protobuf v1.26.0/go.mod h1:9q0QmTI4eRPtz6boOQmLYwt+qCgq0jsYwAQnmE0givc=
google.golang.org/protobuf v1.28.1 h1:d0NfwRgPtno5B1Wa6L2DAG+KivqkdutMf1UhdNx175w=
google.golang.org/protobuf v1.28.1/go.mod h1:HV8QOd/L58Z+nl8r43ehVNZIU/HEI6OcFqwMG9pJV4I=
gopkg.in/check.v1 v0.0.0-20161208181325-20d25e280405/go.mod h1:Co6ibVJAznAaIkqp8huTwlJQCZ016jof/cbN4VW5Yz0=
gopkg.in/check.v1 v1.0.0-20180628173108-788fd7840127/go.mod h1:Co6ibVJAznAaIkqp8huTwlJQCZ016jof/cbN4VW5Yz0=
gopkg.in/check.v1 v1.0.0-20201130134442-10cb98267c6c h1:Hei/4ADfdWqJk1ZMxUNpqntNwaWcugrBjAiHlqqRiVk=
gopkg.in/check.v1 v1.0.0-20201130134442-10cb98267c6c/go.mod h1:JHkPIbrfpd72SG/EVd6muEfDQjcINNoR0C8j2r3qZ4Q=
gopkg.in/djherbis/times.v1 v1.2.0/go.mod h1:AQlg6unIsrsCEdQYhTzERy542dz6SFdQFZFv6mUY0P8=
gopkg.in/djherbis/times.v1 v1.3.0 h1:uxMS4iMtH6Pwsxog094W0FYldiNnfY/xba00vq6C2+o=
gopkg.in/djherbis/times.v1 v1.3.0/go.mod h1:AQlg6unIsrsCEdQYhTzERy542dz6SFdQFZFv6mUY0P8=
gopkg.in/errgo.v2 v2.1.0/go.mod h1:hNsd1EY+bozCKY1Ytp96fpM3vjJbqLJn88ws8XvfDNI=
gopkg.in/yaml.v2 v2.2.2/go.mod h1:hI93XBmqTisBFMUTm0b8Fm+jr3Dg1NNxqwp+5A1VGuI=
gopkg.in/yaml.v3 v3.0.0-20200313102051-9f266ea9e77c/go.mod h1:K4uyk7z7BCEPqu6E+C64Yfv1cQ7kz7rIZviUmN+EgEM=
gopkg.in/yaml.v3 v3.0.0-20210107192922-496545a6307b/go.mod h1:K4uyk7z7BCEPqu6E+C64Yfv1cQ7kz7rIZviUmN+EgEM=
gopkg.in/yaml.v3 v3.0.1 h1:fxVm/GzAzEWqLHuvctI91KS9hhNmmWOoWu0XTYJS7CA=
gopkg.in/yaml.v3 v3.0.1/go.mod h1:K4uyk7z7BCEPqu6E+C64Yfv1cQ7kz7rIZviUmN+EgEM=
gotest.tools v2.2.0+incompatible h1:VsBPFP1AI068pPrMxtb/S8Zkgf9xEmTLJjfM+P5UIEo=
gotest.tools v2.2.0+incompatible/go.mod h1:DsYFclhRJ6vuDpmuTbkuFWG+y2sxOXAzmJt81HFBacw=
honnef.co/go/tools v0.0.1-2019.2.3/go.mod h1:a3bituU0lyd329TUQxRnasdCoJDkEUEAqEt0JzvZhAg=
mvdan.cc/interfacer v0.0.0-20180901003855-c20040233aed/go.mod h1:Xkxe497xwlCKkIaQYRfC7CSLworTXY9RMqwhhCm+8Nc=
mvdan.cc/lint v0.0.0-20170908181259-adc824a0674b/go.mod h1:2odslEg/xrtNQqCYg2/jCoyKnw3vv5biOc3JnIcYfL4=
